
Microsoft Visual Studio Solution File, Format Version 12.00
# Visual Studio 14
VisualStudioVersion = 14.0.24720.0
MinimumVisualStudioVersion = 10.0.40219.1
Project("{FAE04EC0-301F-11D3-BF4B-00C04F79EFBC}") = "NanoGames", "NanoGames\NanoGames.csproj", "{D671E4A3-DE68-46EE-A28D-1CF57ADEDC03}"
EndProject
Project("{FAE04EC0-301F-11D3-BF4B-00C04F79EFBC}") = "NanoGames.Tests", "NanoGames.Tests\NanoGames.Tests.csproj", "{AE52D852-A1E1-48B3-B4E0-4BB64B0AD657}"
EndProject
Project("{FAE04EC0-301F-11D3-BF4B-00C04F79EFBC}") = "NanoGames.Network", "NanoGames.Network\NanoGames.Network.csproj", "{858C767F-35F8-434C-AE91-D1C453820D23}"
EndProject
Project("{FAE04EC0-301F-11D3-BF4B-00C04F79EFBC}") = "NanoGames.Server", "NanoGames.Server\NanoGames.Server.csproj", "{1605EF46-1F10-4357-B1F0-EB228E5669E2}"
EndProject
Global
	GlobalSection(SolutionConfigurationPlatforms) = preSolution
		Debug|Any CPU = Debug|Any CPU
		Release|Any CPU = Release|Any CPU
	EndGlobalSection
	GlobalSection(ProjectConfigurationPlatforms) = postSolution
		{D671E4A3-DE68-46EE-A28D-1CF57ADEDC03}.Debug|Any CPU.ActiveCfg = Debug|Any CPU
		{D671E4A3-DE68-46EE-A28D-1CF57ADEDC03}.Debug|Any CPU.Build.0 = Debug|Any CPU
		{D671E4A3-DE68-46EE-A28D-1CF57ADEDC03}.Release|Any CPU.ActiveCfg = Release|Any CPU
		{D671E4A3-DE68-46EE-A28D-1CF57ADEDC03}.Release|Any CPU.Build.0 = Release|Any CPU
		{AE52D852-A1E1-48B3-B4E0-4BB64B0AD657}.Debug|Any CPU.ActiveCfg = Debug|Any CPU
		{AE52D852-A1E1-48B3-B4E0-4BB64B0AD657}.Debug|Any CPU.Build.0 = Debug|Any CPU
		{AE52D852-A1E1-48B3-B4E0-4BB64B0AD657}.Release|Any CPU.ActiveCfg = Release|Any CPU
		{AE52D852-A1E1-48B3-B4E0-4BB64B0AD657}.Release|Any CPU.Build.0 = Release|Any CPU
		{858C767F-35F8-434C-AE91-D1C453820D23}.Debug|Any CPU.ActiveCfg = Debug|Any CPU
		{858C767F-35F8-434C-AE91-D1C453820D23}.Debug|Any CPU.Build.0 = Debug|Any CPU
		{858C767F-35F8-434C-AE91-D1C453820D23}.Release|Any CPU.ActiveCfg = Release|Any CPU
		{858C767F-35F8-434C-AE91-D1C453820D23}.Release|Any CPU.Build.0 = Release|Any CPU
		{1605EF46-1F10-4357-B1F0-EB228E5669E2}.Debug|Any CPU.ActiveCfg = Debug|Any CPU
		{1605EF46-1F10-4357-B1F0-EB228E5669E2}.Debug|Any CPU.Build.0 = Debug|Any CPU
		{1605EF46-1F10-4357-B1F0-EB228E5669E2}.Release|Any CPU.ActiveCfg = Release|Any CPU
		{1605EF46-1F10-4357-B1F0-EB228E5669E2}.Release|Any CPU.Build.0 = Release|Any CPU
	EndGlobalSection
	GlobalSection(SolutionProperties) = preSolution
		HideSolutionNode = FALSE
	EndGlobalSection
EndGlobal
